
Microsoft Visual Studio Solution File, Format Version 12.00
# Visual Studio Version 17
VisualStudioVersion = 17.4.33213.308
MinimumVisualStudioVersion = 10.0.40219.1
Project("{9A19103F-16F7-4668-BE54-9A1E7A4F7556}") = "01.Intro", "01.Intro\01.Intro.csproj", "{D078CB8F-CF85-4991-A775-AB3E7F3CA1B5}"
EndProject
Project("{9A19103F-16F7-4668-BE54-9A1E7A4F7556}") = "03.Binding", "03.Binding\03.Binding.csproj", "{101A6978-46BA-4081-9095-10B8438353DB}"
EndProject
Project("{9A19103F-16F7-4668-BE54-9A1E7A4F7556}") = "02.Controls", "02_Controls\02.Controls.csproj", "{17AE584F-B4CD-435B-872D-10FFD83D838D}"
EndProject
Project("{9A19103F-16F7-4668-BE54-9A1E7A4F7556}") = "04.LibraryBooks", "04_LibraryBooks\04.LibraryBooks.csproj", "{D50DBBD3-28FC-4DB1-BCAC-328E57E5B040}"
EndProject
Project("{FAE04EC0-301F-11D3-BF4B-00C04F79EFBC}") = "09_shulte_table", "09_shulte_table\09_shulte_table.csproj", "{CC36F627-AE6D-459A-9DD4-FA7A7C37E74B}"
EndProject
Global
	GlobalSection(SolutionConfigurationPlatforms) = preSolution
		Debug|Any CPU = Debug|Any CPU
		Release|Any CPU = Release|Any CPU
	EndGlobalSection
	GlobalSection(ProjectConfigurationPlatforms) = postSolution
		{D078CB8F-CF85-4991-A775-AB3E7F3CA1B5}.Debug|Any CPU.ActiveCfg = Debug|Any CPU
		{D078CB8F-CF85-4991-A775-AB3E7F3CA1B5}.Debug|Any CPU.Build.0 = Debug|Any CPU
		{D078CB8F-CF85-4991-A775-AB3E7F3CA1B5}.Release|Any CPU.ActiveCfg = Release|Any CPU
		{D078CB8F-CF85-4991-A775-AB3E7F3CA1B5}.Release|Any CPU.Build.0 = Release|Any CPU
		{101A6978-46BA-4081-9095-10B8438353DB}.Debug|Any CPU.ActiveCfg = Debug|Any CPU
		{101A6978-46BA-4081-9095-10B8438353DB}.Debug|Any CPU.Build.0 = Debug|Any CPU
		{101A6978-46BA-4081-9095-10B8438353DB}.Release|Any CPU.ActiveCfg = Release|Any CPU
		{101A6978-46BA-4081-9095-10B8438353DB}.Release|Any CPU.Build.0 = Release|Any CPU
		{17AE584F-B4CD-435B-872D-10FFD83D838D}.Debug|Any CPU.ActiveCfg = Debug|Any CPU
		{17AE584F-B4CD-435B-872D-10FFD83D838D}.Debug|Any CPU.Build.0 = Debug|Any CPU
		{17AE584F-B4CD-435B-872D-10FFD83D838D}.Release|Any CPU.ActiveCfg = Release|Any CPU
		{17AE584F-B4CD-435B-872D-10FFD83D838D}.Release|Any CPU.Build.0 = Release|Any CPU
		{D50DBBD3-28FC-4DB1-BCAC-328E57E5B040}.Debug|Any CPU.ActiveCfg = Debug|Any CPU
		{D50DBBD3-28FC-4DB1-BCAC-328E57E5B040}.Debug|Any CPU.Build.0 = Debug|Any CPU
		{D50DBBD3-28FC-4DB1-BCAC-328E57E5B040}.Release|Any CPU.ActiveCfg = Release|Any CPU
		{D50DBBD3-28FC-4DB1-BCAC-328E57E5B040}.Release|Any CPU.Build.0 = Release|Any CPU
		{CC36F627-AE6D-459A-9DD4-FA7A7C37E74B}.Debug|Any CPU.ActiveCfg = Debug|Any CPU
		{CC36F627-AE6D-459A-9DD4-FA7A7C37E74B}.Debug|Any CPU.Build.0 = Debug|Any CPU
		{CC36F627-AE6D-459A-9DD4-FA7A7C37E74B}.Release|Any CPU.ActiveCfg = Release|Any CPU
		{CC36F627-AE6D-459A-9DD4-FA7A7C37E74B}.Release|Any CPU.Build.0 = Release|Any CPU
	EndGlobalSection
	GlobalSection(SolutionProperties) = preSolution
		HideSolutionNode = FALSE
	EndGlobalSection
	GlobalSection(ExtensibilityGlobals) = postSolution
		SolutionGuid = {9E9D04A9-6BBE-436A-A487-146970AAE0C1}
	EndGlobalSection
EndGlobal
